{
  "version": 4,
  "terraform_version": "1.3.0",
  "serial": 10,
  "lineage": "400ae443-35be-8560-cca6-3326bb373610",
  "outputs": {},
  "resources": [
    {
      "mode": "data",
      "type": "google_project",
      "name": "project",
      "provider": "provider[\"registry.terraform.io/hashicorp/google\"]",
      "instances": [
        {
          "schema_version": 0,
          "attributes": {
            "auto_create_network": null,
            "billing_account": "0151BD-AB8ED9-287968",
            "folder_id": "",
            "id": "projects/foedtra-app",
            "labels": {},
            "name": "Foedtra",
            "number": "109752923767",
            "org_id": "112315058424",
            "project_id": "foedtra-app",
            "skip_delete": null
          },
          "sensitive_attributes": []
        }
      ]
    },
    {
      "mode": "managed",
      "type": "google_artifact_registry_repository",
      "name": "backend-foedtra",
      "provider": "provider[\"registry.terraform.io/hashicorp/google-beta\"]",
      "instances": [
        {
          "schema_version": 0,
          "attributes": {
            "create_time": "2022-06-09T09:04:12.013257Z",
            "description": "",
            "format": "DOCKER",
            "id": "projects/foedtra-app/locations/asia-southeast2/repositories/backend-foedtra",
            "kms_key_name": "",
            "labels": {},
            "location": "asia-southeast2",
            "maven_config": [],
            "name": "backend-foedtra",
            "project": "foedtra-app",
            "repository_id": "backend-foedtra",
            "timeouts": null,
            "update_time": "2022-06-09T09:04:12.013257Z"
          },
          "sensitive_attributes": [],
          "private": "eyJlMmJmYjczMC1lY2FhLTExZTYtOGY4OC0zNDM2M2JjN2M0YzAiOnsiY3JlYXRlIjoxMjAwMDAwMDAwMDAwLCJkZWxldGUiOjEyMDAwMDAwMDAwMDAsInVwZGF0ZSI6MTIwMDAwMDAwMDAwMH19",
          "dependencies": [
            "google_project_service.service"
          ]
        }
      ]
    },
    {
      "mode": "managed",
      "type": "google_cloudbuild_trigger",
      "name": "my-trigger",
      "provider": "provider[\"registry.terraform.io/hashicorp/google-beta\"]",
      "instances": [
        {
          "schema_version": 1,
          "attributes": {
            "approval_config": [
              {
                "approval_required": false
              }
            ],
            "build": [],
            "create_time": "2022-06-09T09:05:16.924207940Z",
            "description": "",
            "disabled": false,
            "filename": "cloudbuild.yaml",
            "filter": "",
            "git_file_source": [],
            "github": [
              {
                "name": "backend-foedtra",
                "owner": "Foedtra",
                "pull_request": [],
                "push": [
                  {
                    "branch": "^master$",
                    "invert_regex": false,
                    "tag": ""
                  }
                ]
              }
            ],
            "id": "projects/foedtra-app/triggers/3d38f91f-41db-4ea4-8a8a-2e7813612366",
            "ignored_files": null,
            "included_files": null,
            "name": "backend-foedtra",
            "project": "foedtra-app",
            "pubsub_config": [],
            "service_account": "",
            "source_to_build": [],
            "substitutions": {
              "_PROJECT_NAME": "foedtra-app",
              "_REGION": "asia-southeast2",
              "_REGISTRY": "backend-foedtra",
              "_REGISTRY_URL": "asia-southeast2-docker.pkg.dev"
            },
            "tags": null,
            "timeouts": null,
            "trigger_id": "3d38f91f-41db-4ea4-8a8a-2e7813612366",
            "trigger_template": [],
            "webhook_config": []
          },
          "sensitive_attributes": [],
          "private": "eyJlMmJmYjczMC1lY2FhLTExZTYtOGY4OC0zNDM2M2JjN2M0YzAiOnsiY3JlYXRlIjoxMjAwMDAwMDAwMDAwLCJkZWxldGUiOjEyMDAwMDAwMDAwMDAsInVwZGF0ZSI6MTIwMDAwMDAwMDAwMH0sInNjaGVtYV92ZXJzaW9uIjoiMSJ9",
          "dependencies": [
            "google_artifact_registry_repository.backend-foedtra"
          ]
        }
      ]
    },
    {
      "mode": "managed",
      "type": "google_project_iam_member",
      "name": "cloudbuild-iam",
      "provider": "provider[\"registry.terraform.io/hashicorp/google\"]",
      "instances": [
        {
          "schema_version": 0,
          "attributes": {
            "condition": [],
            "etag": "BwXhABpdFsk=",
            "id": "foedtra-app/roles/iam.serviceAccountUser/serviceAccount:109752923767@cloudbuild.gserviceaccount.com",
            "member": "serviceAccount:109752923767@cloudbuild.gserviceaccount.com",
            "project": "foedtra-app",
            "role": "roles/iam.serviceAccountUser"
          },
          "sensitive_attributes": [],
          "private": "bnVsbA==",
          "dependencies": [
            "data.google_project.project"
          ]
        }
      ]
    },
    {
      "mode": "managed",
      "type": "google_project_iam_member",
      "name": "cloudbuild-run",
      "provider": "provider[\"registry.terraform.io/hashicorp/google\"]",
      "instances": [
        {
          "schema_version": 0,
          "attributes": {
            "condition": [],
            "etag": "BwXhABpdFsk=",
            "id": "foedtra-app/roles/run.admin/serviceAccount:109752923767@cloudbuild.gserviceaccount.com",
            "member": "serviceAccount:109752923767@cloudbuild.gserviceaccount.com",
            "project": "foedtra-app",
            "role": "roles/run.admin"
          },
          "sensitive_attributes": [],
          "private": "bnVsbA==",
          "dependencies": [
            "data.google_project.project"
          ]
        }
      ]
    },
    {
      "mode": "managed",
      "type": "google_project_service",
      "name": "service",
      "provider": "provider[\"registry.terraform.io/hashicorp/google\"]",
      "instances": [
        {
          "index_key": "artifactregistry.googleapis.com",
          "schema_version": 0,
          "attributes": {
            "disable_dependent_services": null,
            "disable_on_destroy": false,
            "id": "foedtra-app/artifactregistry.googleapis.com",
            "project": "foedtra-app",
            "service": "artifactregistry.googleapis.com",
            "timeouts": null
          },
          "sensitive_attributes": [],
          "private": "eyJlMmJmYjczMC1lY2FhLTExZTYtOGY4OC0zNDM2M2JjN2M0YzAiOnsiY3JlYXRlIjoxMjAwMDAwMDAwMDAwLCJkZWxldGUiOjEyMDAwMDAwMDAwMDAsInJlYWQiOjYwMDAwMDAwMDAwMCwidXBkYXRlIjoxMjAwMDAwMDAwMDAwfX0="
        },
        {
          "index_key": "run.googleapis.com",
          "schema_version": 0,
          "attributes": {
            "disable_dependent_services": null,
            "disable_on_destroy": false,
            "id": "foedtra-app/run.googleapis.com",
            "project": "foedtra-app",
            "service": "run.googleapis.com",
            "timeouts": null
          },
          "sensitive_attributes": [],
          "private": "eyJlMmJmYjczMC1lY2FhLTExZTYtOGY4OC0zNDM2M2JjN2M0YzAiOnsiY3JlYXRlIjoxMjAwMDAwMDAwMDAwLCJkZWxldGUiOjEyMDAwMDAwMDAwMDAsInJlYWQiOjYwMDAwMDAwMDAwMCwidXBkYXRlIjoxMjAwMDAwMDAwMDAwfX0="
        }
      ]
    }
  ]
}
